
Microsoft Visual Studio Solution File, Format Version 12.00
# Visual Studio Version 17
VisualStudioVersion = 17.5.002.0
MinimumVisualStudioVersion = 10.0.40219.1
Project("{9A19103F-16F7-4668-BE54-9A1E7A4F7556}") = "lab report", "lab report.csproj", "{1FFA7E8A-7FF1-4051-B0C6-E7162A520CCE}"
EndProject
Global
	GlobalSection(SolutionConfigurationPlatforms) = preSolution
		Debug|Any CPU = Debug|Any CPU
		Release|Any CPU = Release|Any CPU
	EndGlobalSection
	GlobalSection(ProjectConfigurationPlatforms) = postSolution
		{1FFA7E8A-7FF1-4051-B0C6-E7162A520CCE}.Debug|Any CPU.ActiveCfg = Debug|Any CPU
		{1FFA7E8A-7FF1-4051-B0C6-E7162A520CCE}.Debug|Any CPU.Build.0 = Debug|Any CPU
		{1FFA7E8A-7FF1-4051-B0C6-E7162A520CCE}.Release|Any CPU.ActiveCfg = Release|Any CPU
		{1FFA7E8A-7FF1-4051-B0C6-E7162A520CCE}.Release|Any CPU.Build.0 = Release|Any CPU
	EndGlobalSection
	GlobalSection(SolutionProperties) = preSolution
		HideSolutionNode = FALSE
	EndGlobalSection
	GlobalSection(ExtensibilityGlobals) = postSolution
		SolutionGuid = {425D3609-8BCB-4A52-AB9B-C92DB390F56D}
	EndGlobalSection
EndGlobal
